
Microsoft Visual Studio Solution File, Format Version 12.00
# Visual Studio 14
VisualStudioVersion = 14.0.24720.0
MinimumVisualStudioVersion = 10.0.40219.1
Project("{2150E333-8FDC-42A3-9474-1A3956D46DE8}") = "src", "src", "{791531F4-0205-425F-B6CA-AC02A9F1E08B}"
EndProject
Project("{2150E333-8FDC-42A3-9474-1A3956D46DE8}") = "Solution Items", "Solution Items", "{B3D75A05-4056-4072-9B7B-A7B7E2D0288C}"
	ProjectSection(SolutionItems) = preProject
		global.json = global.json
	EndProjectSection
EndProject
Project("{8BB2217D-0F2D-49D1-97BC-3654ED321F3B}") = "IX.Retry", "src\IX.Retry\IX.Retry.xproj", "{EF74D2C4-80CB-4ABD-8A04-F6AAA1AA1FF1}"
	ProjectSection(ProjectDependencies) = postProject
		{CC881286-2954-4488-B53C-642C8E44FC48} = {CC881286-2954-4488-B53C-642C8E44FC48}
	EndProjectSection
EndProject
Project("{2150E333-8FDC-42A3-9474-1A3956D46DE8}") = "test", "test", "{F179C504-113A-48CB-AE89-A52D72744BCD}"
EndProject
Project("{FAE04EC0-301F-11D3-BF4B-00C04F79EFBC}") = "IX.Retry.UnitTests", "test\IX.Retry.UnitTests\IX.Retry.UnitTests.csproj", "{864BACBF-66A2-405A-86DD-E1F9AFFDF118}"
	ProjectSection(ProjectDependencies) = postProject
		{EF74D2C4-80CB-4ABD-8A04-F6AAA1AA1FF1} = {EF74D2C4-80CB-4ABD-8A04-F6AAA1AA1FF1}
	EndProjectSection
EndProject
Project("{2150E333-8FDC-42A3-9474-1A3956D46DE8}") = "ToolingMitigation", "ToolingMitigation", "{45FE1FE8-7EBF-4E7D-ACB9-60F41F492387}"
EndProject
Project("{FAE04EC0-301F-11D3-BF4B-00C04F79EFBC}") = "IX.Retry.ToolingMitigation", "src\IX.Retry.ToolingMitigation\IX.Retry.ToolingMitigation.csproj", "{11BC2719-636E-41EF-8C03-5A96852ABA27}"
EndProject
Project("{FAE04EC0-301F-11D3-BF4B-00C04F79EFBC}") = "IX.Retry.PCL", "src\IX.Retry.PCL\IX.Retry.PCL.csproj", "{CC881286-2954-4488-B53C-642C8E44FC48}"
EndProject
Global
	GlobalSection(SolutionConfigurationPlatforms) = preSolution
		Debug|Any CPU = Debug|Any CPU
		Release|Any CPU = Release|Any CPU
		Test|Any CPU = Test|Any CPU
	EndGlobalSection
	GlobalSection(ProjectConfigurationPlatforms) = postSolution
		{EF74D2C4-80CB-4ABD-8A04-F6AAA1AA1FF1}.Debug|Any CPU.ActiveCfg = Debug|Any CPU
		{EF74D2C4-80CB-4ABD-8A04-F6AAA1AA1FF1}.Debug|Any CPU.Build.0 = Debug|Any CPU
		{EF74D2C4-80CB-4ABD-8A04-F6AAA1AA1FF1}.Release|Any CPU.ActiveCfg = Release|Any CPU
		{EF74D2C4-80CB-4ABD-8A04-F6AAA1AA1FF1}.Release|Any CPU.Build.0 = Release|Any CPU
		{EF74D2C4-80CB-4ABD-8A04-F6AAA1AA1FF1}.Test|Any CPU.ActiveCfg = Test|Any CPU
		{864BACBF-66A2-405A-86DD-E1F9AFFDF118}.Debug|Any CPU.ActiveCfg = Debug|Any CPU
		{864BACBF-66A2-405A-86DD-E1F9AFFDF118}.Release|Any CPU.ActiveCfg = Release|Any CPU
		{864BACBF-66A2-405A-86DD-E1F9AFFDF118}.Test|Any CPU.ActiveCfg = Test|Any CPU
		{864BACBF-66A2-405A-86DD-E1F9AFFDF118}.Test|Any CPU.Build.0 = Test|Any CPU
		{11BC2719-636E-41EF-8C03-5A96852ABA27}.Debug|Any CPU.ActiveCfg = Debug|Any CPU
		{11BC2719-636E-41EF-8C03-5A96852ABA27}.Release|Any CPU.ActiveCfg = Release|Any CPU
		{11BC2719-636E-41EF-8C03-5A96852ABA27}.Test|Any CPU.ActiveCfg = Release|Any CPU
		{CC881286-2954-4488-B53C-642C8E44FC48}.Debug|Any CPU.ActiveCfg = Debug|Any CPU
		{CC881286-2954-4488-B53C-642C8E44FC48}.Debug|Any CPU.Build.0 = Debug|Any CPU
		{CC881286-2954-4488-B53C-642C8E44FC48}.Release|Any CPU.ActiveCfg = Release|Any CPU
		{CC881286-2954-4488-B53C-642C8E44FC48}.Release|Any CPU.Build.0 = Release|Any CPU
		{CC881286-2954-4488-B53C-642C8E44FC48}.Test|Any CPU.ActiveCfg = Release|Any CPU
		{CC881286-2954-4488-B53C-642C8E44FC48}.Test|Any CPU.Build.0 = Release|Any CPU
	EndGlobalSection
	GlobalSection(SolutionProperties) = preSolution
		HideSolutionNode = FALSE
	EndGlobalSection
	GlobalSection(NestedProjects) = preSolution
		{EF74D2C4-80CB-4ABD-8A04-F6AAA1AA1FF1} = {791531F4-0205-425F-B6CA-AC02A9F1E08B}
		{864BACBF-66A2-405A-86DD-E1F9AFFDF118} = {F179C504-113A-48CB-AE89-A52D72744BCD}
		{45FE1FE8-7EBF-4E7D-ACB9-60F41F492387} = {791531F4-0205-425F-B6CA-AC02A9F1E08B}
		{11BC2719-636E-41EF-8C03-5A96852ABA27} = {45FE1FE8-7EBF-4E7D-ACB9-60F41F492387}
		{CC881286-2954-4488-B53C-642C8E44FC48} = {791531F4-0205-425F-B6CA-AC02A9F1E08B}
	EndGlobalSection
EndGlobal
